
Microsoft Visual Studio Solution File, Format Version 12.00
# Visual Studio Version 16
VisualStudioVersion = 16.0.31702.278
MinimumVisualStudioVersion = 10.0.40219.1
Project("{FAE04EC0-301F-11D3-BF4B-00C04F79EFBC}") = "data", "data\data.csproj", "{64D6FB7D-E1DC-4136-9485-D339A74206EF}"
EndProject
Global
	GlobalSection(SolutionConfigurationPlatforms) = preSolution
		Debug|Any CPU = Debug|Any CPU
		Release|Any CPU = Release|Any CPU
	EndGlobalSection
	GlobalSection(ProjectConfigurationPlatforms) = postSolution
		{64D6FB7D-E1DC-4136-9485-D339A74206EF}.Debug|Any CPU.ActiveCfg = Debug|Any CPU
		{64D6FB7D-E1DC-4136-9485-D339A74206EF}.Debug|Any CPU.Build.0 = Debug|Any CPU
		{64D6FB7D-E1DC-4136-9485-D339A74206EF}.Release|Any CPU.ActiveCfg = Release|Any CPU
		{64D6FB7D-E1DC-4136-9485-D339A74206EF}.Release|Any CPU.Build.0 = Release|Any CPU
	EndGlobalSection
	GlobalSection(SolutionProperties) = preSolution
		HideSolutionNode = FALSE
	EndGlobalSection
	GlobalSection(ExtensibilityGlobals) = postSolution
		SolutionGuid = {3FFFC64D-B040-4818-A0F7-47EE33BF0CDE}
	EndGlobalSection
EndGlobal
